
Microsoft Visual Studio Solution File, Format Version 12.00
# Visual Studio Version 17
VisualStudioVersion = 17.0.32014.148
MinimumVisualStudioVersion = 10.0.40219.1
Project("{FAE04EC0-301F-11D3-BF4B-00C04F79EFBC}") = "Herança", "Herança\Herança.csproj", "{D4836F74-936D-4D95-9BAF-744B10E0B676}"
EndProject
Global
	GlobalSection(SolutionConfigurationPlatforms) = preSolution
		Debug|Any CPU = Debug|Any CPU
		Release|Any CPU = Release|Any CPU
	EndGlobalSection
	GlobalSection(ProjectConfigurationPlatforms) = postSolution
		{D4836F74-936D-4D95-9BAF-744B10E0B676}.Debug|Any CPU.ActiveCfg = Debug|Any CPU
		{D4836F74-936D-4D95-9BAF-744B10E0B676}.Debug|Any CPU.Build.0 = Debug|Any CPU
		{D4836F74-936D-4D95-9BAF-744B10E0B676}.Release|Any CPU.ActiveCfg = Release|Any CPU
		{D4836F74-936D-4D95-9BAF-744B10E0B676}.Release|Any CPU.Build.0 = Release|Any CPU
	EndGlobalSection
	GlobalSection(SolutionProperties) = preSolution
		HideSolutionNode = FALSE
	EndGlobalSection
	GlobalSection(ExtensibilityGlobals) = postSolution
		SolutionGuid = {4751F504-17BE-4B10-A688-8390D000CA68}
	EndGlobalSection
EndGlobal
