
Microsoft Visual Studio Solution File, Format Version 12.00
# Visual Studio Version 17
VisualStudioVersion = 17.0.32014.148
MinimumVisualStudioVersion = 10.0.40219.1
Project("{FAE04EC0-301F-11D3-BF4B-00C04F79EFBC}") = "Sequência de I J", "Sequência de I J\Sequência de I J.csproj", "{695AAA89-499A-4022-9670-F95C61837C3A}"
EndProject
Global
	GlobalSection(SolutionConfigurationPlatforms) = preSolution
		Debug|Any CPU = Debug|Any CPU
		Release|Any CPU = Release|Any CPU
	EndGlobalSection
	GlobalSection(ProjectConfigurationPlatforms) = postSolution
		{695AAA89-499A-4022-9670-F95C61837C3A}.Debug|Any CPU.ActiveCfg = Debug|Any CPU
		{695AAA89-499A-4022-9670-F95C61837C3A}.Debug|Any CPU.Build.0 = Debug|Any CPU
		{695AAA89-499A-4022-9670-F95C61837C3A}.Release|Any CPU.ActiveCfg = Release|Any CPU
		{695AAA89-499A-4022-9670-F95C61837C3A}.Release|Any CPU.Build.0 = Release|Any CPU
	EndGlobalSection
	GlobalSection(SolutionProperties) = preSolution
		HideSolutionNode = FALSE
	EndGlobalSection
	GlobalSection(ExtensibilityGlobals) = postSolution
		SolutionGuid = {D7D59CAE-ED48-43A8-9718-76522EFB7EC7}
	EndGlobalSection
EndGlobal
