
Microsoft Visual Studio Solution File, Format Version 12.00
# Visual Studio Version 17
VisualStudioVersion = 17.0.32014.148
MinimumVisualStudioVersion = 10.0.40219.1
Project("{FAE04EC0-301F-11D3-BF4B-00C04F79EFBC}") = "PolimorfismoTempoDeComplilação", "PolimorfismoTempoDeComplilação\PolimorfismoTempoDeComplilação.csproj", "{0584409B-8BC8-4BD7-953D-E82087F0AAF3}"
EndProject
Global
	GlobalSection(SolutionConfigurationPlatforms) = preSolution
		Debug|Any CPU = Debug|Any CPU
		Release|Any CPU = Release|Any CPU
	EndGlobalSection
	GlobalSection(ProjectConfigurationPlatforms) = postSolution
		{0584409B-8BC8-4BD7-953D-E82087F0AAF3}.Debug|Any CPU.ActiveCfg = Debug|Any CPU
		{0584409B-8BC8-4BD7-953D-E82087F0AAF3}.Debug|Any CPU.Build.0 = Debug|Any CPU
		{0584409B-8BC8-4BD7-953D-E82087F0AAF3}.Release|Any CPU.ActiveCfg = Release|Any CPU
		{0584409B-8BC8-4BD7-953D-E82087F0AAF3}.Release|Any CPU.Build.0 = Release|Any CPU
	EndGlobalSection
	GlobalSection(SolutionProperties) = preSolution
		HideSolutionNode = FALSE
	EndGlobalSection
	GlobalSection(ExtensibilityGlobals) = postSolution
		SolutionGuid = {7BAEAB44-0B0B-4F4D-B52D-E8EFE3ED47FE}
	EndGlobalSection
EndGlobal
