
Microsoft Visual Studio Solution File, Format Version 12.00
# Visual Studio Version 17
VisualStudioVersion = 17.0.32014.148
MinimumVisualStudioVersion = 10.0.40219.1
Project("{FAE04EC0-301F-11D3-BF4B-00C04F79EFBC}") = "Abstração", "Abstração\Abstração.csproj", "{ABB3087F-B84E-4D4D-BCDE-588F270F1CF0}"
EndProject
Global
	GlobalSection(SolutionConfigurationPlatforms) = preSolution
		Debug|Any CPU = Debug|Any CPU
		Release|Any CPU = Release|Any CPU
	EndGlobalSection
	GlobalSection(ProjectConfigurationPlatforms) = postSolution
		{ABB3087F-B84E-4D4D-BCDE-588F270F1CF0}.Debug|Any CPU.ActiveCfg = Debug|Any CPU
		{ABB3087F-B84E-4D4D-BCDE-588F270F1CF0}.Debug|Any CPU.Build.0 = Debug|Any CPU
		{ABB3087F-B84E-4D4D-BCDE-588F270F1CF0}.Release|Any CPU.ActiveCfg = Release|Any CPU
		{ABB3087F-B84E-4D4D-BCDE-588F270F1CF0}.Release|Any CPU.Build.0 = Release|Any CPU
	EndGlobalSection
	GlobalSection(SolutionProperties) = preSolution
		HideSolutionNode = FALSE
	EndGlobalSection
	GlobalSection(ExtensibilityGlobals) = postSolution
		SolutionGuid = {6215B373-03D6-4F5E-B9A8-4295207C599F}
	EndGlobalSection
EndGlobal
