
Microsoft Visual Studio Solution File, Format Version 12.00
# Visual Studio Version 17
VisualStudioVersion = 17.0.32014.148
MinimumVisualStudioVersion = 10.0.40219.1
Project("{9A19103F-16F7-4668-BE54-9A1E7A4F7556}") = "Sequência S", "Desafio-3\Sequência S.csproj", "{5AA67199-A3FA-45B2-92DE-5C428DD0B1B7}"
EndProject
Global
	GlobalSection(SolutionConfigurationPlatforms) = preSolution
		Debug|Any CPU = Debug|Any CPU
		Release|Any CPU = Release|Any CPU
	EndGlobalSection
	GlobalSection(ProjectConfigurationPlatforms) = postSolution
		{5AA67199-A3FA-45B2-92DE-5C428DD0B1B7}.Debug|Any CPU.ActiveCfg = Debug|Any CPU
		{5AA67199-A3FA-45B2-92DE-5C428DD0B1B7}.Debug|Any CPU.Build.0 = Debug|Any CPU
		{5AA67199-A3FA-45B2-92DE-5C428DD0B1B7}.Release|Any CPU.ActiveCfg = Release|Any CPU
		{5AA67199-A3FA-45B2-92DE-5C428DD0B1B7}.Release|Any CPU.Build.0 = Release|Any CPU
	EndGlobalSection
	GlobalSection(SolutionProperties) = preSolution
		HideSolutionNode = FALSE
	EndGlobalSection
	GlobalSection(ExtensibilityGlobals) = postSolution
		SolutionGuid = {5EC712C4-3D9C-499E-A7A9-6827EC3E3A2F}
	EndGlobalSection
EndGlobal
